lockfileVersion: '6.0'

settings:
  autoInstallPeers: true
  excludeLinksFromLockfile: false

packages:
  /accepts@1.3.8:
    resolution: {integrity: sha512-PYAthTa2m2VKxuvSD3DPC/Gy+U+sOA1LAuT8mkmRuvw+NACSaeXEQ+NHcVF7rONl6qcaxV3Uuemwawk+7+SJLw==}
    engines: {node: '>= 0.6'}

  /@babel/core@7.24.0:
    resolution: {integrity: sha512-8FQliB4FQnT54rMiXoYHmU8T/sKMPQh8vpn53MRCjRR0W2k8S9dAESZJ2R8FIB8R1fTFwqkJkQhXm5LO6v8rw==}
    engines: {node: '>=6.9.0'}

  /@babel/helper-module-imports@7.22.15:
    resolution: {integrity: sha512-0pYVBnDKZO2fnSPCrg1y0k7C8IBvS8PHWk3uOY5JwBEyMv+V7hPVdOv0d69QT8z5d0Mq3d5Vf+5d6o0X01w==}
    engines: {node: '>=6.9.0'}

  /express@4.18.2:
    resolution: {integrity: sha512-5/PsL6iGPdfQ/lKM1UuielYgv3BUoJfz1aUwU9vHZ+J7gyvwdQXFEBIEIaxeGf0GIcreATNyBExtalisDbuMqQ==}
    engines: {node: '>= 0.10.0'}

  /lodash@4.17.21:
    resolution: {integrity: sha512-v2kDEe57lecTulaDIuNTPy3Ry4gLGJ6Z1O3vE1krgXZNrsQ+LFTGHVxVjcXPs17LhbZVGedAJv8XZ1tvj5FvSg==}

  /body-parser@1.20.1:
    resolution: {integrity: sha512-jWi7abTbYwajOytWCQc37VulmWiRae5RyTpaCyDcS5/lMdtwc5cax4wVh0Q1EZM1rF7sCe0c0Ne0R39f8f8A==}
    engines: {node: '>= 0.8'}
